// !$*UTF8*$!
{
	archiveVersion = 1;
	classes = {
	};
	objectVersion = 56;
	objects = {

/* Begin PBXBuildFile section */
		1203C80229E6C34600A2EE68 /* AppDelegate.swift in Sources */ = {isa = PBXBuildFile; fileRef = 1203C80129E6C34600A2EE68 /* AppDelegate.swift */; };
		1203C80429E6C34600A2EE68 /* SceneDelegate.swift in Sources */ = {isa = PBXBuildFile; fileRef = 1203C80329E6C34600A2EE68 /* SceneDelegate.swift */; };
		1203C80629E6C34600A2EE68 /* ViewController.swift in Sources */ = {isa = PBXBuildFile; fileRef = 1203C80529E6C34600A2EE68 /* ViewController.swift */; };
		1203C80929E6C34600A2EE68 /* Main.storyboard in Resources */ = {isa = PBXBuildFile; fileRef = 1203C80729E6C34600A2EE68 /* Main.storyboard */; };
		1203C80B29E6C34700A2EE68 /* Assets.xcassets in Resources */ = {isa = PBXBuildFile; fileRef = 1203C80A29E6C34700A2EE68 /* Assets.xcassets */; };
		1203C80E29E6C34700A2EE68 /* LaunchScreen.storyboard in Resources */ = {isa = PBXBuildFile; fileRef = 1203C80C29E6C34700A2EE68 /* LaunchScreen.storyboard */; };
		1203C81929E6C34700A2EE68 /* MesajlasmaTests.swift in Sources */ = {isa = PBXBuildFile; fileRef = 1203C81829E6C34700A2EE68 /* MesajlasmaTests.swift */; };
		1203C82329E6C34700A2EE68 /* MesajlasmaUITests.swift in Sources */ = {isa = PBXBuildFile; fileRef = 1203C82229E6C34700A2EE68 /* MesajlasmaUITests.swift */; };
		1203C82529E6C34700A2EE68 /* MesajlasmaUITestsLaunchTests.swift in Sources */ = {isa = PBXBuildFile; fileRef = 1203C82429E6C34700A2EE68 /* MesajlasmaUITestsLaunchTests.swift */; };
/* End PBXBuildFile section */

/* Begin PBXContainerItemProxy section */
		1203C81529E6C34700A2EE68 /* PBXContainerItemProxy */ = {
			isa = PBXContainerItemProxy;
			containerPortal = 1203C7F629E6C34600A2EE68 /* Project object */;
			proxyType = 1;
			remoteGlobalIDString = 1203C7FD29E6C34600A2EE68;
			remoteInfo = Mesajlasma;
		};
		1203C81F29E6C34700A2EE68 /* PBXContainerItemProxy */ = {
			isa = PBXContainerItemProxy;
			containerPortal = 1203C7F629E6C34600A2EE68 /* Project object */;
			proxyType = 1;
			remoteGlobalIDString = 1203C7FD29E6C34600A2EE68;
			remoteInfo = Mesajlasma;
		};
/* End PBXContainerItemProxy section */

/* Begin PBXFileReference section */
		1203C7FE29E6C34600A2EE68 /* Mesajlasma.app */ = {isa = PBXFileReference; explicitFileType = wrapper.application; includeInIndex = 0; path = Mesajlasma.app; sourceTree = BUILT_PRODUCTS_DIR; };
		1203C80129E6C34600A2EE68 /* AppDelegate.swift */ = {isa = PBXFileReference; lastKnownFileType = sourcecode.swift; path = AppDelegate.swift; sourceTree = "<group>"; };
		1203C80329E6C34600A2EE68 /* SceneDelegate.swift */ = {isa = PBXFileReference; lastKnownFileType = sourcecode.swift; path = SceneDelegate.swift; sourceTree = "<group>"; };
		1203C80529E6C34600A2EE68 /* ViewController.swift */ = {isa = PBXFileReference; lastKnownFileType = sourcecode.swift; path = ViewController.swift; sourceTree = "<group>"; };
		1203C80829E6C34600A2EE68 /* Base */ = {isa = PBXFileReference; lastKnownFileType = file.storyboard; name = Base; path = Base.lproj/Main.storyboard; sourceTree = "<group>"; };
		1203C80A29E6C34700A2EE68 /* Assets.xcassets */ = {isa = PBXFileReference; lastKnownFileType = folder.assetcatalog; path = Assets.xcassets; sourceTree = "<group>"; };
		1203C80D29E6C34700A2EE68 /* Base */ = {isa = PBXFileReference; lastKnownFileType = file.storyboard; name = Base; path = Base.lproj/LaunchScreen.storyboard; sourceTree = "<group>"; };
		1203C80F29E6C34700A2EE68 /* Info.plist */ = {isa = PBXFileReference; lastKnownFileType = text.plist.xml; path = Info.plist; sourceTree = "<group>"; };
		1203C81429E6C34700A2EE68 /* MesajlasmaTests.xctest */ = {isa = PBXFileReference; explicitFileType = wrapper.cfbundle; includeInIndex = 0; path = MesajlasmaTests.xctest; sourceTree = BUILT_PRODUCTS_DIR; };
		1203C81829E6C34700A2EE68 /* MesajlasmaTests.swift */ = {isa = PBXFileReference; lastKnownFileType = sourcecode.swift; path = MesajlasmaTests.swift; sourceTree = "<group>"; };
		1203C81E29E6C34700A2EE68 /* MesajlasmaUITests.xctest */ = {isa = PBXFileReference; explicitFileType = wrapper.cfbundle; includeInIndex = 0; path = MesajlasmaUITests.xctest; sourceTree = BUILT_PRODUCTS_DIR; };
		1203C82229E6C34700A2EE68 /* MesajlasmaUITests.swift */ = {isa = PBXFileReference; lastKnownFileType = sourcecode.swift; path = MesajlasmaUITests.swift; sourceTree = "<group>"; };
		1203C82429E6C34700A2EE68 /* MesajlasmaUITestsLaunchTests.swift */ = {isa = PBXFileReference; lastKnownFileType = sourcecode.swift; path = MesajlasmaUITestsLaunchTests.swift; sourceTree = "<group>"; };
/* End PBXFileReference section */

/* Begin PBXFrameworksBuildPhase section */
		1203C7FB29E6C34600A2EE68 /* Frameworks */ = {
			isa = PBXFrameworksBuildPhase;
			buildActionMask = 2147483647;
			files = (
			);
			runOnlyForDeploymentPostprocessing = 0;
		};
		1203C81129E6C34700A2EE68 /* Frameworks */ = {
			isa = PBXFrameworksBuildPhase;
			buildActionMask = 2147483647;
			files = (
			);
			runOnlyForDeploymentPostprocessing = 0;
		};
		1203C81B29E6C34700A2EE68 /* Frameworks */ = {
			isa = PBXFrameworksBuildPhase;
			buildActionMask = 2147483647;
			files = (
			);
			runOnlyForDeploymentPostprocessing = 0;
		};
/* End PBXFrameworksBuildPhase section */

/* Begin PBXGroup section */
		1203C7F529E6C34600A2EE68 = {
			isa = PBXGroup;
			children = (
				1203C80029E6C34600A2EE68 /* Mesajlasma */,
				1203C81729E6C34700A2EE68 /* MesajlasmaTests */,
				1203C82129E6C34700A2EE68 /* MesajlasmaUITests */,
				1203C7FF29E6C34600A2EE68 /* Products */,
			);
			sourceTree = "<group>";
		};
		1203C7FF29E6C34600A2EE68 /* Products */ = {
			isa = PBXGroup;
			children = (
				1203C7FE29E6C34600A2EE68 /* Mesajlasma.app */,
				1203C81429E6C34700A2EE68 /* MesajlasmaTests.xctest */,
				1203C81E29E6C34700A2EE68 /* MesajlasmaUITests.xctest */,
			);
			name = Products;
			sourceTree = "<group>";
		};
		1203C80029E6C34600A2EE68 /* Mesajlasma */ = {
			isa = PBXGroup;
			children = (
				1203C80129E6C34600A2EE68 /* AppDelegate.swift */,
				1203C80329E6C34600A2EE68 /* SceneDelegate.swift */,
				1203C80529E6C34600A2EE68 /* ViewController.swift */,
				1203C80729E6C34600A2EE68 /* Main.storyboard */,
				1203C80A29E6C34700A2EE68 /* Assets.xcassets */,
				1203C80C29E6C34700A2EE68 /* LaunchScreen.storyboard */,
				1203C80F29E6C34700A2EE68 /* Info.plist */,
			);
			path = Mesajlasma;
			sourceTree = "<group>";
		};
		1203C81729E6C34700A2EE68 /* MesajlasmaTests */ = {
			isa = PBXGroup;
			children = (
				1203C81829E6C34700A2EE68 /* MesajlasmaTests.swift */,
			);
			path = MesajlasmaTests;
			sourceTree = "<group>";
		};
		1203C82129E6C34700A2EE68 /* MesajlasmaUITests */ = {
			isa = PBXGroup;
			children = (
				1203C82229E6C34700A2EE68 /* MesajlasmaUITests.swift */,
				1203C82429E6C34700A2EE68 /* MesajlasmaUITestsLaunchTests.swift */,
			);
			path = MesajlasmaUITests;
			sourceTree = "<group>";
		};
/* End PBXGroup section */

/* Begin PBXNativeTarget section */
		1203C7FD29E6C34600A2EE68 /* Mesajlasma */ = {
			isa = PBXNativeTarget;
			buildConfigurationList = 1203C82829E6C34700A2EE68 /* Build configuration list for PBXNativeTarget "Mesajlasma" */;
			buildPhases = (
				1203C7FA29E6C34600A2EE68 /* Sources */,
				1203C7FB29E6C34600A2EE68 /* Frameworks */,
				1203C7FC29E6C34600A2EE68 /* Resources */,
			);
			buildRules = (
			);
			dependencies = (
			);
			name = Mesajlasma;
			productName = Mesajlasma;
			productReference = 1203C7FE29E6C34600A2EE68 /* Mesajlasma.app */;
			productType = "com.apple.product-type.application";
		};
		1203C81329E6C34700A2EE68 /* MesajlasmaTests */ = {
			isa = PBXNativeTarget;
			buildConfigurationList = 1203C82B29E6C34700A2EE68 /* Build configuration list for PBXNativeTarget "MesajlasmaTests" */;
			buildPhases = (
				1203C81029E6C34700A2EE68 /* Sources */,
				1203C81129E6C34700A2EE68 /* Frameworks */,
				1203C81229E6C34700A2EE68 /* Resources */,
			);
			buildRules = (
			);
			dependencies = (
				1203C81629E6C34700A2EE68 /* PBXTargetDependency */,
			);
			name = MesajlasmaTests;
			productName = MesajlasmaTests;
			productReference = 1203C81429E6C34700A2EE68 /* MesajlasmaTests.xctest */;
			productType = "com.apple.product-type.bundle.unit-test";
		};
		1203C81D29E6C34700A2EE68 /* MesajlasmaUITests */ = {
			isa = PBXNativeTarget;
			buildConfigurationList = 1203C82E29E6C34700A2EE68 /* Build configuration list for PBXNativeTarget "MesajlasmaUITests" */;
			buildPhases = (
				1203C81A29E6C34700A2EE68 /* Sources */,
				1203C81B29E6C34700A2EE68 /* Frameworks */,
				1203C81C29E6C34700A2EE68 /* Resources */,
			);
			buildRules = (
			);
			dependencies = (
				1203C82029E6C34700A2EE68 /* PBXTargetDependency */,
			);
			name = MesajlasmaUITests;
			productName = MesajlasmaUITests;
			productReference = 1203C81E29E6C34700A2EE68 /* MesajlasmaUITests.xctest */;
			productType = "com.apple.product-type.bundle.ui-testing";
		};
/* End PBXNativeTarget section */

/* Begin PBXProject section */
		1203C7F629E6C34600A2EE68 /* Project object */ = {
			isa = PBXProject;
			attributes = {
				BuildIndependentTargetsInParallel = 1;
				LastSwiftUpdateCheck = 1420;
				LastUpgradeCheck = 1420;
				TargetAttributes = {
					1203C7FD29E6C34600A2EE68 = {
						CreatedOnToolsVersion = 14.2;
					};
					1203C81329E6C34700A2EE68 = {
						CreatedOnToolsVersion = 14.2;
						TestTargetID = 1203C7FD29E6C34600A2EE68;
					};
					1203C81D29E6C34700A2EE68 = {
						CreatedOnToolsVersion = 14.2;
						TestTargetID = 1203C7FD29E6C34600A2EE68;
					};
				};
			};
			buildConfigurationList = 1203C7F929E6C34600A2EE68 /* Build configuration list for PBXProject "Mesajlasma" */;
			compatibilityVersion = "Xcode 14.0";
			developmentRegion = en;
			hasScannedForEncodings = 0;
			knownRegions = (
				en,
				Base,
			);
			mainGroup = 1203C7F529E6C34600A2EE68;
			productRefGroup = 1203C7FF29E6C34600A2EE68 /* Products */;
			projectDirPath = "";
			projectRoot = "";
			targets = (
				1203C7FD29E6C34600A2EE68 /* Mesajlasma */,
				1203C81329E6C34700A2EE68 /* MesajlasmaTests */,
				1203C81D29E6C34700A2EE68 /* MesajlasmaUITests */,
			);
		};
/* End PBXProject section */

/* Begin PBXResourcesBuildPhase section */
		1203C7FC29E6C34600A2EE68 /* Resources */ = {
			isa = PBXResourcesBuildPhase;
			buildActionMask = 2147483647;
			files = (
				1203C80E29E6C34700A2EE68 /* LaunchScreen.storyboard in Resources */,
				1203C80B29E6C34700A2EE68 /* Assets.xcassets in Resources */,
				1203C80929E6C34600A2EE68 /* Main.storyboard in Resources */,
			);
			runOnlyForDeploymentPostprocessing = 0;
		};
		1203C81229E6C34700A2EE68 /* Resources */ = {
			isa = PBXResourcesBuildPhase;
			buildActionMask = 2147483647;
			files = (
			);
			runOnlyForDeploymentPostprocessing = 0;
		};
		1203C81C29E6C34700A2EE68 /* Resources */ = {
			isa = PBXResourcesBuildPhase;
			buildActionMask = 2147483647;
			files = (
			);
			runOnlyForDeploymentPostprocessing = 0;
		};
/* End PBXResourcesBuildPhase section */

/* Begin PBXSourcesBuildPhase section */
		1203C7FA29E6C34600A2EE68 /* Sources */ = {
			isa = PBXSourcesBuildPhase;
			buildActionMask = 2147483647;
			files = (
				1203C80629E6C34600A2EE68 /* ViewController.swift in Sources */,
				1203C80229E6C34600A2EE68 /* AppDelegate.swift in Sources */,
				1203C80429E6C34600A2EE68 /* SceneDelegate.swift in Sources */,
			);
			runOnlyForDeploymentPostprocessing = 0;
		};
		1203C81029E6C34700A2EE68 /* Sources */ = {
			isa = PBXSourcesBuildPhase;
			buildActionMask = 2147483647;
			files = (
				1203C81929E6C34700A2EE68 /* MesajlasmaTests.swift in Sources */,
			);
			runOnlyForDeploymentPostprocessing = 0;
		};
		1203C81A29E6C34700A2EE68 /* Sources */ = {
			isa = PBXSourcesBuildPhase;
			buildActionMask = 2147483647;
			files = (
				1203C82529E6C34700A2EE68 /* MesajlasmaUITestsLaunchTests.swift in Sources */,
				1203C82329E6C34700A2EE68 /* MesajlasmaUITests.swift in Sources */,
			);
			runOnlyForDeploymentPostprocessing = 0;
		};
/* End PBXSourcesBuildPhase section */

/* Begin PBXTargetDependency section */
		1203C81629E6C34700A2EE68 /* PBXTargetDependency */ = {
			isa = PBXTargetDependency;
			target = 1203C7FD29E6C34600A2EE68 /* Mesajlasma */;
			targetProxy = 1203C81529E6C34700A2EE68 /* PBXContainerItemProxy */;
		};
		1203C82029E6C34700A2EE68 /* PBXTargetDependency */ = {
			isa = PBXTargetDependency;
			target = 1203C7FD29E6C34600A2EE68 /* Mesajlasma */;
			targetProxy = 1203C81F29E6C34700A2EE68 /* PBXContainerItemProxy */;
		};
/* End PBXTargetDependency section */

/* Begin PBXVariantGroup section */
		1203C80729E6C34600A2EE68 /* Main.storyboard */ = {
			isa = PBXVariantGroup;
			children = (
				1203C80829E6C34600A2EE68 /* Base */,
			);
			name = Main.storyboard;
			sourceTree = "<group>";
		};
		1203C80C29E6C34700A2EE68 /* LaunchScreen.storyboard */ = {
			isa = PBXVariantGroup;
			children = (
				1203C80D29E6C34700A2EE68 /* Base */,
			);
			name = LaunchScreen.storyboard;
			sourceTree = "<group>";
		};
/* End PBXVariantGroup section */

/* Begin XCBuildConfiguration section */
		1203C82629E6C34700A2EE68 /* Debug */ = {
			isa = XCBuildConfiguration;
			buildSettings = {
				ALWAYS_SEARCH_USER_PATHS = NO;
				CLANG_ANALYZER_NONNULL = YES;
				CLANG_ANALYZER_NUMBER_OBJECT_CONVERSION = YES_AGGRESSIVE;
				CLANG_CXX_LANGUAGE_STANDARD = "gnu++20";
				CLANG_ENABLE_MODULES = YES;
				CLANG_ENABLE_OBJC_ARC = YES;
				CLANG_ENABLE_OBJC_WEAK = YES;
				CLANG_WARN_BLOCK_CAPTURE_AUTORELEASING = YES;
				CLANG_WARN_BOOL_CONVERSION = YES;
				CLANG_WARN_COMMA = YES;
				CLANG_WARN_CONSTANT_CONVERSION = YES;
				CLANG_WARN_DEPRECATED_OBJC_IMPLEMENTATIONS = YES;
				CLANG_WARN_DIRECT_OBJC_ISA_USAGE = YES_ERROR;
				CLANG_WARN_DOCUMENTATION_COMMENTS = YES;
				CLANG_WARN_EMPTY_BODY = YES;
				CLANG_WARN_ENUM_CONVERSION = YES;
				CLANG_WARN_INFINITE_RECURSION = YES;
				CLANG_WARN_INT_CONVERSION = YES;
				CLANG_WARN_NON_LITERAL_NULL_CONVERSION = YES;
				CLANG_WARN_OBJC_IMPLICIT_RETAIN_SELF = YES;
				CLANG_WARN_OBJC_LITERAL_CONVERSION = YES;
				CLANG_WARN_OBJC_ROOT_CLASS = YES_ERROR;
				CLANG_WARN_QUOTED_INCLUDE_IN_FRAMEWORK_HEADER = YES;
				CLANG_WARN_RANGE_LOOP_ANALYSIS = YES;
				CLANG_WARN_STRICT_PROTOTYPES = YES;
				CLANG_WARN_SUSPICIOUS_MOVE = YES;
				CLANG_WARN_UNGUARDED_AVAILABILITY = YES_AGGRESSIVE;
				CLANG_WARN_UNREACHABLE_CODE = YES;
				CLANG_WARN__DUPLICATE_METHOD_MATCH = YES;
				COPY_PHASE_STRIP = NO;
				DEBUG_INFORMATION_FORMAT = dwarf;
				ENABLE_STRICT_OBJC_MSGSEND = YES;
				ENABLE_TESTABILITY = YES;
				GCC_C_LANGUAGE_STANDARD = gnu11;
				GCC_DYNAMIC_NO_PIC = NO;
				GCC_NO_COMMON_BLOCKS = YES;
				GCC_OPTIMIZATION_LEVEL = 0;
				GCC_PREPROCESSOR_DEFINITIONS = (
					"DEBUG=1",
					"$(inherited)",
				);
				GCC_WARN_64_TO_32_BIT_CONVERSION = YES;
				GCC_WARN_ABOUT_RETURN_TYPE = YES_ERROR;
				GCC_WARN_UNDECLARED_SELECTOR = YES;
				GCC_WARN_UNINITIALIZED_AUTOS = YES_AGGRESSIVE;
				GCC_WARN_UNUSED_FUNCTION = YES;
				GCC_WARN_UNUSED_VARIABLE = YES;
				IPHONEOS_DEPLOYMENT_TARGET = 16.2;
				MTL_ENABLE_DEBUG_INFO = INCLUDE_SOURCE;
				MTL_FAST_MATH = YES;
				ONLY_ACTIVE_ARCH = YES;
				SDKROOT = iphoneos;
				SWIFT_ACTIVE_COMPILATION_CONDITIONS = DEBUG;
				SWIFT_OPTIMIZATION_LEVEL = "-Onone";
			};
			name = Debug;
		};
		1203C82729E6C34700A2EE68 /* Release */ = {
			isa = XCBuildConfiguration;
			buildSettings = {
				ALWAYS_SEARCH_USER_PATHS = NO;
				CLANG_ANALYZER_NONNULL = YES;
				CLANG_ANALYZER_NUMBER_OBJECT_CONVERSION = YES_AGGRESSIVE;
				CLANG_CXX_LANGUAGE_STANDARD = "gnu++20";
				CLANG_ENABLE_MODULES = YES;
				CLANG_ENABLE_OBJC_ARC = YES;
				CLANG_ENABLE_OBJC_WEAK = YES;
				CLANG_WARN_BLOCK_CAPTURE_AUTORELEASING = YES;
				CLANG_WARN_BOOL_CONVERSION = YES;
				CLANG_WARN_COMMA = YES;
				CLANG_WARN_CONSTANT_CONVERSION = YES;
				CLANG_WARN_DEPRECATED_OBJC_IMPLEMENTATIONS = YES;
				CLANG_WARN_DIRECT_OBJC_ISA_USAGE = YES_ERROR;
				CLANG_WARN_DOCUMENTATION_COMMENTS = YES;
				CLANG_WARN_EMPTY_BODY = YES;
				CLANG_WARN_ENUM_CONVERSION = YES;
				CLANG_WARN_INFINITE_RECURSION = YES;
				CLANG_WARN_INT_CONVERSION = YES;
				CLANG_WARN_NON_LITERAL_NULL_CONVERSION = YES;
				CLANG_WARN_OBJC_IMPLICIT_RETAIN_SELF = YES;
				CLANG_WARN_OBJC_LITERAL_CONVERSION = YES;
				CLANG_WARN_OBJC_ROOT_CLASS = YES_ERROR;
				CLANG_WARN_QUOTED_INCLUDE_IN_FRAMEWORK_HEADER = YES;
				CLANG_WARN_RANGE_LOOP_ANALYSIS = YES;
				CLANG_WARN_STRICT_PROTOTYPES = YES;
				CLANG_WARN_SUSPICIOUS_MOVE = YES;
				CLANG_WARN_UNGUARDED_AVAILABILITY = YES_AGGRESSIVE;
				CLANG_WARN_UNREACHABLE_CODE = YES;
				CLANG_WARN__DUPLICATE_METHOD_MATCH = YES;
				COPY_PHASE_STRIP = NO;
				DEBUG_INFORMATION_FORMAT = "dwarf-with-dsym";
				ENABLE_NS_ASSERTIONS = NO;
				ENABLE_STRICT_OBJC_MSGSEND = YES;
				GCC_C_LANGUAGE_STANDARD = gnu11;
				GCC_NO_COMMON_BLOCKS = YES;
				GCC_WARN_64_TO_32_BIT_CONVERSION = YES;
				GCC_WARN_ABOUT_RETURN_TYPE = YES_ERROR;
				GCC_WARN_UNDECLARED_SELECTOR = YES;
				GCC_WARN_UNINITIALIZED_AUTOS = YES_AGGRESSIVE;
				GCC_WARN_UNUSED_FUNCTION = YES;
				GCC_WARN_UNUSED_VARIABLE = YES;
				IPHONEOS_DEPLOYMENT_TARGET = 16.2;
				MTL_ENABLE_DEBUG_INFO = NO;
				MTL_FAST_MATH = YES;
				SDKROOT = iphoneos;
				SWIFT_COMPILATION_MODE = wholemodule;
				SWIFT_OPTIMIZATION_LEVEL = "-O";
				VALIDATE_PRODUCT = YES;
			};
			name = Release;
		};
		1203C82929E6C34700A2EE68 /* Debug */ = {
			isa = XCBuildConfiguration;
			buildSettings = {
				ASSETCATALOG_COMPILER_APPICON_NAME = AppIcon;
				ASSETCATALOG_COMPILER_GLOBAL_ACCENT_COLOR_NAME = AccentColor;
				CODE_SIGN_STYLE = Automatic;
				CURRENT_PROJECT_VERSION = 1;
				DEVELOPMENT_TEAM = CG2DGVAM4V;
				GENERATE_INFOPLIST_FILE = YES;
				INFOPLIST_FILE = Mesajlasma/Info.plist;
				INFOPLIST_KEY_UIApplicationSupportsIndirectInputEvents = YES;
				INFOPLIST_KEY_UILaunchStoryboardName = LaunchScreen;
				INFOPLIST_KEY_UIMainStoryboardFile = Main;
				INFOPLIST_KEY_UISupportedInterfaceOrientations_iPad = "UIInterfaceOrientationPortrait UIInterfaceOrientationPortraitUpsideDown UIInterfaceOrientationLandscapeLeft UIInterfaceOrientationLandscapeRight";
				INFOPLIST_KEY_UISupportedInterfaceOrientations_iPhone = "UIInterfaceOrientationPortrait UIInterfaceOrientationLandscapeLeft UIInterfaceOrientationLandscapeRight";
				LD_RUNPATH_SEARCH_PATHS = (
					"$(inherited)",
					"@executable_path/Frameworks",
				);
				MARKETING_VERSION = 1.0;
				PRODUCT_BUNDLE_IDENTIFIER = info.Mesajlasma;
				PRODUCT_NAME = "$(TARGET_NAME)";
				SWIFT_EMIT_LOC_STRINGS = YES;
				SWIFT_VERSION = 5.0;
				TARGETED_DEVICE_FAMILY = "1,2";
			};
			name = Debug;
		};
		1203C82A29E6C34700A2EE68 /* Release */ = {
			isa = XCBuildConfiguration;
			buildSettings = {
				ASSETCATALOG_COMPILER_APPICON_NAME = AppIcon;
				ASSETCATALOG_COMPILER_GLOBAL_ACCENT_COLOR_NAME = AccentColor;
				CODE_SIGN_STYLE = Automatic;
				CURRENT_PROJECT_VERSION = 1;
				DEVELOPMENT_TEAM = CG2DGVAM4V;
				GENERATE_INFOPLIST_FILE = YES;
				INFOPLIST_FILE = Mesajlasma/Info.plist;
				INFOPLIST_KEY_UIApplicationSupportsIndirectInputEvents = YES;
				INFOPLIST_KEY_UILaunchStoryboardName = LaunchScreen;
				INFOPLIST_KEY_UIMainStoryboardFile = Main;
				INFOPLIST_KEY_UISupportedInterfaceOrientations_iPad = "UIInterfaceOrientationPortrait UIInterfaceOrientationPortraitUpsideDown UIInterfaceOrientationLandscapeLeft UIInterfaceOrientationLandscapeRight";
				INFOPLIST_KEY_UISupportedInterfaceOrientations_iPhone = "UIInterfaceOrientationPortrait UIInterfaceOrientationLandscapeLeft UIInterfaceOrientationLandscapeRight";
				LD_RUNPATH_SEARCH_PATHS = (
					"$(inherited)",
					"@executable_path/Frameworks",
				);
				MARKETING_VERSION = 1.0;
				PRODUCT_BUNDLE_IDENTIFIER = info.Mesajlasma;
				PRODUCT_NAME = "$(TARGET_NAME)";
				SWIFT_EMIT_LOC_STRINGS = YES;
				SWIFT_VERSION = 5.0;
				TARGETED_DEVICE_FAMILY = "1,2";
			};
			name = Release;
		};
		1203C82C29E6C34700A2EE68 /* Debug */ = {
			isa = XCBuildConfiguration;
			buildSettings = {
				ALWAYS_EMBED_SWIFT_STANDARD_LIBRARIES = YES;
				BUNDLE_LOADER = "$(TEST_HOST)";
				CODE_SIGN_STYLE = Automatic;
				CURRENT_PROJECT_VERSION = 1;
				DEVELOPMENT_TEAM = CG2DGVAM4V;
				GENERATE_INFOPLIST_FILE = YES;
				IPHONEOS_DEPLOYMENT_TARGET = 16.2;
				MARKETING_VERSION = 1.0;
				PRODUCT_BUNDLE_IDENTIFIER = info.MesajlasmaTests;
				PRODUCT_NAME = "$(TARGET_NAME)";
				SWIFT_EMIT_LOC_STRINGS = NO;
				SWIFT_VERSION = 5.0;
				TARGETED_DEVICE_FAMILY = "1,2";
				TEST_HOST = "$(BUILT_PRODUCTS_DIR)/Mesajlasma.app/$(BUNDLE_EXECUTABLE_FOLDER_PATH)/Mesajlasma";
			};
			name = Debug;
		};
		1203C82D29E6C34700A2EE68 /* Release */ = {
			isa = XCBuildConfiguration;
			buildSettings = {
				ALWAYS_EMBED_SWIFT_STANDARD_LIBRARIES = YES;
				BUNDLE_LOADER = "$(TEST_HOST)";
				CODE_SIGN_STYLE = Automatic;
				CURRENT_PROJECT_VERSION = 1;
				DEVELOPMENT_TEAM = CG2DGVAM4V;
				GENERATE_INFOPLIST_FILE = YES;
				IPHONEOS_DEPLOYMENT_TARGET = 16.2;
				MARKETING_VERSION = 1.0;
				PRODUCT_BUNDLE_IDENTIFIER = info.MesajlasmaTests;
				PRODUCT_NAME = "$(TARGET_NAME)";
				SWIFT_EMIT_LOC_STRINGS = NO;
				SWIFT_VERSION = 5.0;
				TARGETED_DEVICE_FAMILY = "1,2";
				TEST_HOST = "$(BUILT_PRODUCTS_DIR)/Mesajlasma.app/$(BUNDLE_EXECUTABLE_FOLDER_PATH)/Mesajlasma";
			};
			name = Release;
		};
		1203C82F29E6C34700A2EE68 /* Debug */ = {
			isa = XCBuildConfiguration;
			buildSettings = {
				ALWAYS_EMBED_SWIFT_STANDARD_LIBRARIES = YES;
				CODE_SIGN_STYLE = Automatic;
				CURRENT_PROJECT_VERSION = 1;
				DEVELOPMENT_TEAM = CG2DGVAM4V;
				GENERATE_INFOPLIST_FILE = YES;
				MARKETING_VERSION = 1.0;
				PRODUCT_BUNDLE_IDENTIFIER = info.MesajlasmaUITests;
				PRODUCT_NAME = "$(TARGET_NAME)";
				SWIFT_EMIT_LOC_STRINGS = NO;
				SWIFT_VERSION = 5.0;
				TARGETED_DEVICE_FAMILY = "1,2";
				TEST_TARGET_NAME = Mesajlasma;
			};
			name = Debug;
		};
		1203C83029E6C34700A2EE68 /* Release */ = {
			isa = XCBuildConfiguration;
			buildSettings = {
				ALWAYS_EMBED_SWIFT_STANDARD_LIBRARIES = YES;
				CODE_SIGN_STYLE = Automatic;
				CURRENT_PROJECT_VERSION = 1;
				DEVELOPMENT_TEAM = CG2DGVAM4V;
				GENERATE_INFOPLIST_FILE = YES;
				MARKETING_VERSION = 1.0;
				PRODUCT_BUNDLE_IDENTIFIER = info.MesajlasmaUITests;
				PRODUCT_NAME = "$(TARGET_NAME)";
				SWIFT_EMIT_LOC_STRINGS = NO;
				SWIFT_VERSION = 5.0;
				TARGETED_DEVICE_FAMILY = "1,2";
				TEST_TARGET_NAME = Mesajlasma;
			};
			name = Release;
		};
/* End XCBuildConfiguration section */

/* Begin XCConfigurationList section */
		1203C7F929E6C34600A2EE68 /* Build configuration list for PBXProject "Mesajlasma" */ = {
			isa = XCConfigurationList;
			buildConfigurations = (
				1203C82629E6C34700A2EE68 /* Debug */,
				1203C82729E6C34700A2EE68 /* Release */,
			);
			defaultConfigurationIsVisible = 0;
			defaultConfigurationName = Release;
		};
		1203C82829E6C34700A2EE68 /* Build configuration list for PBXNativeTarget "Mesajlasma" */ = {
			isa = XCConfigurationList;
			buildConfigurations = (
				1203C82929E6C34700A2EE68 /* Debug */,
				1203C82A29E6C34700A2EE68 /* Release */,
			);
			defaultConfigurationIsVisible = 0;
			defaultConfigurationName = Release;
		};
		1203C82B29E6C34700A2EE68 /* Build configuration list for PBXNativeTarget "MesajlasmaTests" */ = {
			isa = XCConfigurationList;
			buildConfigurations = (
				1203C82C29E6C34700A2EE68 /* Debug */,
				1203C82D29E6C34700A2EE68 /* Release */,
			);
			defaultConfigurationIsVisible = 0;
			defaultConfigurationName = Release;
		};
		1203C82E29E6C34700A2EE68 /* Build configuration list for PBXNativeTarget "MesajlasmaUITests" */ = {
			isa = XCConfigurationList;
			buildConfigurations = (
				1203C82F29E6C34700A2EE68 /* Debug */,
				1203C83029E6C34700A2EE68 /* Release */,
			);
			defaultConfigurationIsVisible = 0;
			defaultConfigurationName = Release;
		};
/* End XCConfigurationList section */
	};
	rootObject = 1203C7F629E6C34600A2EE68 /* Project object */;
}
